
Microsoft Visual Studio Solution File, Format Version 12.00
# Visual Studio Version 17
VisualStudioVersion = 17.5.33424.131
MinimumVisualStudioVersion = 10.0.40219.1
Project("{FAE04EC0-301F-11D3-BF4B-00C04F79EFBC}") = "Esercizio note", "Esercizio note\Esercizio note.csproj", "{869A74D2-613A-456B-B3A3-0CEE38AC209D}"
EndProject
Global
	GlobalSection(SolutionConfigurationPlatforms) = preSolution
		Debug|Any CPU = Debug|Any CPU
		Release|Any CPU = Release|Any CPU
	EndGlobalSection
	GlobalSection(ProjectConfigurationPlatforms) = postSolution
		{869A74D2-613A-456B-B3A3-0CEE38AC209D}.Debug|Any CPU.ActiveCfg = Debug|Any CPU
		{869A74D2-613A-456B-B3A3-0CEE38AC209D}.Debug|Any CPU.Build.0 = Debug|Any CPU
		{869A74D2-613A-456B-B3A3-0CEE38AC209D}.Release|Any CPU.ActiveCfg = Release|Any CPU
		{869A74D2-613A-456B-B3A3-0CEE38AC209D}.Release|Any CPU.Build.0 = Release|Any CPU
	EndGlobalSection
	GlobalSection(SolutionProperties) = preSolution
		HideSolutionNode = FALSE
	EndGlobalSection
	GlobalSection(ExtensibilityGlobals) = postSolution
		SolutionGuid = {8068E81B-BCCA-4E14-97F1-A9E533A98810}
	EndGlobalSection
EndGlobal
